
Microsoft Visual Studio Solution File, Format Version 12.00
# Visual Studio Version 17
VisualStudioVersion = 17.0.32014.148
MinimumVisualStudioVersion = 10.0.40219.1
Project("{FAE04EC0-301F-11D3-BF4B-00C04F79EFBC}") = "Tutorial.AOP.Sample", "Tutorial.AOP.Sample.csproj", "{BD6FCE22-36DB-4A26-B55C-F1207F1D01F6}"
EndProject
Global
	GlobalSection(SolutionConfigurationPlatforms) = preSolution
		Debug|Any CPU = Debug|Any CPU
		Release|Any CPU = Release|Any CPU
	EndGlobalSection
	GlobalSection(ProjectConfigurationPlatforms) = postSolution
		{BD6FCE22-36DB-4A26-B55C-F1207F1D01F6}.Debug|Any CPU.ActiveCfg = Debug|Any CPU
		{BD6FCE22-36DB-4A26-B55C-F1207F1D01F6}.Debug|Any CPU.Build.0 = Debug|Any CPU
		{BD6FCE22-36DB-4A26-B55C-F1207F1D01F6}.Release|Any CPU.ActiveCfg = Release|Any CPU
		{BD6FCE22-36DB-4A26-B55C-F1207F1D01F6}.Release|Any CPU.Build.0 = Release|Any CPU
	EndGlobalSection
	GlobalSection(SolutionProperties) = preSolution
		HideSolutionNode = FALSE
	EndGlobalSection
	GlobalSection(ExtensibilityGlobals) = postSolution
		SolutionGuid = {AB860608-96AF-40B5-99B4-D5666FE5CD73}
	EndGlobalSection
EndGlobal
